
Microsoft Visual Studio Solution File, Format Version 12.00
# Visual Studio 2013
VisualStudioVersion = 12.0.21005.1
MinimumVisualStudioVersion = 10.0.40219.1
Project("{FAE04EC0-301F-11D3-BF4B-00C04F79EFBC}") = "ViewModels", "ViewModels\ViewModels.csproj", "{F9A79746-0434-4906-B8A6-3679FDC30A3E}"
EndProject
Project("{FAE04EC0-301F-11D3-BF4B-00C04F79EFBC}") = "Models", "Models\Models.csproj", "{E2B3AF92-63D3-4E84-9865-5822EAFD353B}"
EndProject
Project("{FAE04EC0-301F-11D3-BF4B-00C04F79EFBC}") = "Converters", "Converters\Converters.csproj", "{7F389DA1-6CB6-477A-86AA-2BB61FCDBA29}"
EndProject
Project("{FAE04EC0-301F-11D3-BF4B-00C04F79EFBC}") = "DataTypes", "DataTypes\DataTypes.csproj", "{C904CD88-0BCC-4854-B6C5-DC7E6A0ABBDB}"
EndProject
Project("{FAE04EC0-301F-11D3-BF4B-00C04F79EFBC}") = "Views", "Views\Views.csproj", "{E9FA2C14-9CE6-408C-99D0-FC1700AC698A}"
EndProject
Project("{FAE04EC0-301F-11D3-BF4B-00C04F79EFBC}") = "StartUp", "StartUp\StartUp.csproj", "{16D84FA4-C86F-42BA-BDAC-C9062BC3C645}"
EndProject
Global
	GlobalSection(SolutionConfigurationPlatforms) = preSolution
		Debug|Any CPU = Debug|Any CPU
		Release|Any CPU = Release|Any CPU
		Description = Poker Probability Simulator
	EndGlobalSection
	GlobalSection(ProjectConfigurationPlatforms) = postSolution
		{F9A79746-0434-4906-B8A6-3679FDC30A3E}.Debug|Any CPU.ActiveCfg = Debug|Any CPU
		{F9A79746-0434-4906-B8A6-3679FDC30A3E}.Debug|Any CPU.Build.0 = Debug|Any CPU
		{F9A79746-0434-4906-B8A6-3679FDC30A3E}.Release|Any CPU.ActiveCfg = Release|Any CPU
		{F9A79746-0434-4906-B8A6-3679FDC30A3E}.Release|Any CPU.Build.0 = Release|Any CPU
		{E2B3AF92-63D3-4E84-9865-5822EAFD353B}.Debug|Any CPU.ActiveCfg = Debug|Any CPU
		{E2B3AF92-63D3-4E84-9865-5822EAFD353B}.Debug|Any CPU.Build.0 = Debug|Any CPU
		{E2B3AF92-63D3-4E84-9865-5822EAFD353B}.Release|Any CPU.ActiveCfg = Release|Any CPU
		{E2B3AF92-63D3-4E84-9865-5822EAFD353B}.Release|Any CPU.Build.0 = Release|Any CPU
		{7F389DA1-6CB6-477A-86AA-2BB61FCDBA29}.Debug|Any CPU.ActiveCfg = Debug|Any CPU
		{7F389DA1-6CB6-477A-86AA-2BB61FCDBA29}.Debug|Any CPU.Build.0 = Debug|Any CPU
		{7F389DA1-6CB6-477A-86AA-2BB61FCDBA29}.Release|Any CPU.ActiveCfg = Release|Any CPU
		{7F389DA1-6CB6-477A-86AA-2BB61FCDBA29}.Release|Any CPU.Build.0 = Release|Any CPU
		{C904CD88-0BCC-4854-B6C5-DC7E6A0ABBDB}.Debug|Any CPU.ActiveCfg = Debug|Any CPU
		{C904CD88-0BCC-4854-B6C5-DC7E6A0ABBDB}.Debug|Any CPU.Build.0 = Debug|Any CPU
		{C904CD88-0BCC-4854-B6C5-DC7E6A0ABBDB}.Release|Any CPU.ActiveCfg = Release|Any CPU
		{C904CD88-0BCC-4854-B6C5-DC7E6A0ABBDB}.Release|Any CPU.Build.0 = Release|Any CPU
		{E9FA2C14-9CE6-408C-99D0-FC1700AC698A}.Debug|Any CPU.ActiveCfg = Debug|Any CPU
		{E9FA2C14-9CE6-408C-99D0-FC1700AC698A}.Debug|Any CPU.Build.0 = Debug|Any CPU
		{E9FA2C14-9CE6-408C-99D0-FC1700AC698A}.Release|Any CPU.ActiveCfg = Release|Any CPU
		{E9FA2C14-9CE6-408C-99D0-FC1700AC698A}.Release|Any CPU.Build.0 = Release|Any CPU
		{16D84FA4-C86F-42BA-BDAC-C9062BC3C645}.Debug|Any CPU.ActiveCfg = Debug|Any CPU
		{16D84FA4-C86F-42BA-BDAC-C9062BC3C645}.Debug|Any CPU.Build.0 = Debug|Any CPU
		{16D84FA4-C86F-42BA-BDAC-C9062BC3C645}.Release|Any CPU.ActiveCfg = Release|Any CPU
		{16D84FA4-C86F-42BA-BDAC-C9062BC3C645}.Release|Any CPU.Build.0 = Release|Any CPU
	EndGlobalSection
	GlobalSection(SolutionProperties) = preSolution
		HideSolutionNode = FALSE
	EndGlobalSection
EndGlobal
